<?xml version="1.0" encoding="utf-8"?>
<Project ToolsVersion="4.0" xmlns="http://schemas.microsoft.com/developer/msbuild/2003">
  <ItemGroup>
    <Filter Include="Source Files">
      <UniqueIdentifier>{4FC737F1-C7A5-4376-A066-2A32D752A2FF}</UniqueIdentifier>
      <Extensions>cpp;c;cc;cxx;c++;cppm;ixx;def;odl;idl;hpj;bat;asm;asmx</Extensions>
    </Filter>
    <Filter Include="Header Files">
      <UniqueIdentifier>{93995380-89BD-4b04-88EB-625FBE52EBFB}</UniqueIdentifier>
      <Extensions>h;hh;hpp;hxx;h++;hm;inl;inc;ipp;xsd</Extensions>
    </Filter>
    <Filter Include="Resource Files">
      <UniqueIdentifier>{67DA6AB6-F800-4c08-8B7A-83BB121AAD01}</UniqueIdentifier>
      <Extensions>rc;ico;cur;bmp;dlg;rc2;rct;bin;rgs;gif;jpg;jpeg;jpe;resx;tiff;tif;png;wav;mfcribbon-ms</Extensions>
    </Filter>
    <Filter Include="Source Files\Lexical_Analyzer_%28Parser%29">
      <UniqueIdentifier>{b16738ed-2c26-4bfc-b6cd-35f7a6be0608}</UniqueIdentifier>
    </Filter>
    <Filter Include="Source Files\Syntax_Analyzer">
      <UniqueIdentifier>{c47786c3-ce36-43e6-9328-14b2fae457cf}</UniqueIdentifier>
    </Filter>
    <Filter Include="Source Files\Semantic_Analyzer">
      <UniqueIdentifier>{ec3ab3f4-e60d-4a05-bd97-879ecec67872}</UniqueIdentifier>
    </Filter>
  </ItemGroup>
  <ItemGroup>
    <ClCompile Include="src\Lexical_Analyzer_(Parser)\Source.cpp">
      <Filter>Source Files\Lexical_Analyzer_%28Parser%29</Filter>
    </ClCompile>
  </ItemGroup>
</Project>